
Microsoft Visual Studio Solution File, Format Version 12.00
# Visual Studio Version 17
VisualStudioVersion = 17.13.35931.197
MinimumVisualStudioVersion = 10.0.40219.1
Project("{FAE04EC0-301F-11D3-BF4B-00C04F79EFBC}") = "teacherMgmtfront", "teacherMgmtfront.csproj", "{67F2040E-6CF5-428F-B8D9-30F679640635}"
EndProject
Global
	GlobalSection(SolutionConfigurationPlatforms) = preSolution
		Debug|Any CPU = Debug|Any CPU
		Release|Any CPU = Release|Any CPU
	EndGlobalSection
	GlobalSection(ProjectConfigurationPlatforms) = postSolution
		{67F2040E-6CF5-428F-B8D9-30F679640635}.Debug|Any CPU.ActiveCfg = Debug|Any CPU
		{67F2040E-6CF5-428F-B8D9-30F679640635}.Debug|Any CPU.Build.0 = Debug|Any CPU
		{67F2040E-6CF5-428F-B8D9-30F679640635}.Release|Any CPU.ActiveCfg = Release|Any CPU
		{67F2040E-6CF5-428F-B8D9-30F679640635}.Release|Any CPU.Build.0 = Release|Any CPU
	EndGlobalSection
	GlobalSection(SolutionProperties) = preSolution
		HideSolutionNode = FALSE
	EndGlobalSection
	GlobalSection(ExtensibilityGlobals) = postSolution
		SolutionGuid = {E8CE210C-F9C4-4A5C-A103-6AE49ED67A42}
	EndGlobalSection
EndGlobal
